// !$*UTF8*$!
{
	archiveVersion = 1;
	classes = {
	};
	objectVersion = 51;
	objects = {

/* Begin PBXBuildFile section */
		031346512150CBE80054F1D4 /* AppDelegate.m in Sources */ = {isa = PBXBuildFile; fileRef = 031346502150CBE80054F1D4 /* AppDelegate.m */; };
		031346542150CBE80054F1D4 /* ViewController.m in Sources */ = {isa = PBXBuildFile; fileRef = 031346532150CBE80054F1D4 /* ViewController.m */; };
		031346572150CBE80054F1D4 /* Main.storyboard in Resources */ = {isa = PBXBuildFile; fileRef = 031346552150CBE80054F1D4 /* Main.storyboard */; };
		031346592150CBE90054F1D4 /* Assets.xcassets in Resources */ = {isa = PBXBuildFile; fileRef = 031346582150CBE90054F1D4 /* Assets.xcassets */; };
		0313465C2150CBE90054F1D4 /* LaunchScreen.storyboard in Resources */ = {isa = PBXBuildFile; fileRef = 0313465A2150CBE90054F1D4 /* LaunchScreen.storyboard */; };
		0313465F2150CBE90054F1D4 /* main.m in Sources */ = {isa = PBXBuildFile; fileRef = 0313465E2150CBE90054F1D4 /* main.m */; };
		031346692150CBE90054F1D4 /* GPUImageDemoTests.m in Sources */ = {isa = PBXBuildFile; fileRef = 031346682150CBE90054F1D4 /* GPUImageDemoTests.m */; };
		031346742150CBE90054F1D4 /* GPUImageDemoUITests.m in Sources */ = {isa = PBXBuildFile; fileRef = 031346732150CBE90054F1D4 /* GPUImageDemoUITests.m */; };
		031346832150D29E0054F1D4 /* ShowViewController.m in Sources */ = {isa = PBXBuildFile; fileRef = 031346822150D29E0054F1D4 /* ShowViewController.m */; };
		469528EF57898AE1A1531E63 /* libPods-GPUImageDemo.a in Frameworks */ = {isa = PBXBuildFile; fileRef = FCB4210E67F695F228D273EE /* libPods-GPUImageDemo.a */; };
		D75ADBFF285040C600258F8C /* AN.m in Sources */ = {isa = PBXBuildFile; fileRef = D75ADBFE285040C600258F8C /* AN.m */; };
		D75ADC022850425E00258F8C /* Blur.m in Sources */ = {isa = PBXBuildFile; fileRef = D75ADC012850425E00258F8C /* Blur.m */; };
		D75ADC082850438800258F8C /* GPUImageFilterExtra.m in Sources */ = {isa = PBXBuildFile; fileRef = D75ADC072850438800258F8C /* GPUImageFilterExtra.m */; };
		D75ADC0B285043FE00258F8C /* AdjFilters.m in Sources */ = {isa = PBXBuildFile; fileRef = D75ADC0A285043FE00258F8C /* AdjFilters.m */; };
		D75ADC0E285044AA00258F8C /* LFilter1.m in Sources */ = {isa = PBXBuildFile; fileRef = D75ADC0D285044AA00258F8C /* LFilter1.m */; };
		D75ADC112850458E00258F8C /* GPUImageTwoInputFilterExtra.m in Sources */ = {isa = PBXBuildFile; fileRef = D75ADC102850458E00258F8C /* GPUImageTwoInputFilterExtra.m */; };
		D75ADC14285045AD00258F8C /* GBlend.m in Sources */ = {isa = PBXBuildFile; fileRef = D75ADC13285045AD00258F8C /* GBlend.m */; };
		D75ADC1728504B3300258F8C /* CS1.m in Sources */ = {isa = PBXBuildFile; fileRef = D75ADC1628504B3300258F8C /* CS1.m */; };
		D75ADC1A28504B8B00258F8C /* G1.m in Sources */ = {isa = PBXBuildFile; fileRef = D75ADC1928504B8B00258F8C /* G1.m */; };
		D75ADC1D28504D6200258F8C /* DT1.m in Sources */ = {isa = PBXBuildFile; fileRef = D75ADC1C28504D6200258F8C /* DT1.m */; };
		D75ADC2028504D8300258F8C /* SCL1.m in Sources */ = {isa = PBXBuildFile; fileRef = D75ADC1F28504D8300258F8C /* SCL1.m */; };
		D75ADC2328504F1100258F8C /* CR1.m in Sources */ = {isa = PBXBuildFile; fileRef = D75ADC2228504F1100258F8C /* CR1.m */; };
		D75ADC2628504FAF00258F8C /* DN.m in Sources */ = {isa = PBXBuildFile; fileRef = D75ADC2528504FAF00258F8C /* DN.m */; };
		D75ADC292850625D00258F8C /* Sharpen.m in Sources */ = {isa = PBXBuildFile; fileRef = D75ADC282850625D00258F8C /* Sharpen.m */; };
		D75ADC2C2850661D00258F8C /* DemoViewController.m in Sources */ = {isa = PBXBuildFile; fileRef = D75ADC2B2850661D00258F8C /* DemoViewController.m */; };
		D75ADC2E28506CC000258F8C /* ebg.mov in Resources */ = {isa = PBXBuildFile; fileRef = D75ADC2D28506CC000258F8C /* ebg.mov */; };
/* End PBXBuildFile section */

/* Begin PBXContainerItemProxy section */
		031346652150CBE90054F1D4 /* PBXContainerItemProxy */ = {
			isa = PBXContainerItemProxy;
			containerPortal = 031346442150CBE70054F1D4 /* Project object */;
			proxyType = 1;
			remoteGlobalIDString = 0313464B2150CBE70054F1D4;
			remoteInfo = GPUImageDemo;
		};
		031346702150CBE90054F1D4 /* PBXContainerItemProxy */ = {
			isa = PBXContainerItemProxy;
			containerPortal = 031346442150CBE70054F1D4 /* Project object */;
			proxyType = 1;
			remoteGlobalIDString = 0313464B2150CBE70054F1D4;
			remoteInfo = GPUImageDemo;
		};
/* End PBXContainerItemProxy section */

/* Begin PBXFileReference section */
		0313464C2150CBE70054F1D4 /* GPUImageDemo.app */ = {isa = PBXFileReference; explicitFileType = wrapper.application; includeInIndex = 0; path = GPUImageDemo.app; sourceTree = BUILT_PRODUCTS_DIR; };
		0313464F2150CBE70054F1D4 /* AppDelegate.h */ = {isa = PBXFileReference; lastKnownFileType = sourcecode.c.h; path = AppDelegate.h; sourceTree = "<group>"; };
		031346502150CBE80054F1D4 /* AppDelegate.m */ = {isa = PBXFileReference; lastKnownFileType = sourcecode.c.objc; path = AppDelegate.m; sourceTree = "<group>"; };
		031346522150CBE80054F1D4 /* ViewController.h */ = {isa = PBXFileReference; lastKnownFileType = sourcecode.c.h; path = ViewController.h; sourceTree = "<group>"; };
		031346532150CBE80054F1D4 /* ViewController.m */ = {isa = PBXFileReference; lastKnownFileType = sourcecode.c.objc; path = ViewController.m; sourceTree = "<group>"; };
		031346562150CBE80054F1D4 /* Base */ = {isa = PBXFileReference; lastKnownFileType = file.storyboard; name = Base; path = Base.lproj/Main.storyboard; sourceTree = "<group>"; };
		031346582150CBE90054F1D4 /* Assets.xcassets */ = {isa = PBXFileReference; lastKnownFileType = folder.assetcatalog; path = Assets.xcassets; sourceTree = "<group>"; };
		0313465B2150CBE90054F1D4 /* Base */ = {isa = PBXFileReference; lastKnownFileType = file.storyboard; name = Base; path = Base.lproj/LaunchScreen.storyboard; sourceTree = "<group>"; };
		0313465D2150CBE90054F1D4 /* Info.plist */ = {isa = PBXFileReference; lastKnownFileType = text.plist.xml; path = Info.plist; sourceTree = "<group>"; };
		0313465E2150CBE90054F1D4 /* main.m */ = {isa = PBXFileReference; lastKnownFileType = sourcecode.c.objc; path = main.m; sourceTree = "<group>"; };
		031346642150CBE90054F1D4 /* GPUImageDemoTests.xctest */ = {isa = PBXFileReference; explicitFileType = wrapper.cfbundle; includeInIndex = 0; path = GPUImageDemoTests.xctest; sourceTree = BUILT_PRODUCTS_DIR; };
		031346682150CBE90054F1D4 /* GPUImageDemoTests.m */ = {isa = PBXFileReference; lastKnownFileType = sourcecode.c.objc; path = GPUImageDemoTests.m; sourceTree = "<group>"; };
		0313466A2150CBE90054F1D4 /* Info.plist */ = {isa = PBXFileReference; lastKnownFileType = text.plist.xml; path = Info.plist; sourceTree = "<group>"; };
		0313466F2150CBE90054F1D4 /* GPUImageDemoUITests.xctest */ = {isa = PBXFileReference; explicitFileType = wrapper.cfbundle; includeInIndex = 0; path = GPUImageDemoUITests.xctest; sourceTree = BUILT_PRODUCTS_DIR; };
		031346732150CBE90054F1D4 /* GPUImageDemoUITests.m */ = {isa = PBXFileReference; lastKnownFileType = sourcecode.c.objc; path = GPUImageDemoUITests.m; sourceTree = "<group>"; };
		031346752150CBE90054F1D4 /* Info.plist */ = {isa = PBXFileReference; lastKnownFileType = text.plist.xml; path = Info.plist; sourceTree = "<group>"; };
		031346812150D29E0054F1D4 /* ShowViewController.h */ = {isa = PBXFileReference; lastKnownFileType = sourcecode.c.h; path = ShowViewController.h; sourceTree = "<group>"; };
		031346822150D29E0054F1D4 /* ShowViewController.m */ = {isa = PBXFileReference; lastKnownFileType = sourcecode.c.objc; path = ShowViewController.m; sourceTree = "<group>"; };
		6C48BB6929CFCF11E4A7ACDC /* Pods-GPUImageDemo.debug.xcconfig */ = {isa = PBXFileReference; includeInIndex = 1; lastKnownFileType = text.xcconfig; name = "Pods-GPUImageDemo.debug.xcconfig"; path = "Pods/Target Support Files/Pods-GPUImageDemo/Pods-GPUImageDemo.debug.xcconfig"; sourceTree = "<group>"; };
		BF2AF8E931C7E466681FC0F9 /* Pods-GPUImageDemo.release.xcconfig */ = {isa = PBXFileReference; includeInIndex = 1; lastKnownFileType = text.xcconfig; name = "Pods-GPUImageDemo.release.xcconfig"; path = "Pods/Target Support Files/Pods-GPUImageDemo/Pods-GPUImageDemo.release.xcconfig"; sourceTree = "<group>"; };
		D75ADBFD285040C600258F8C /* AN.h */ = {isa = PBXFileReference; lastKnownFileType = sourcecode.c.h; path = AN.h; sourceTree = "<group>"; };
		D75ADBFE285040C600258F8C /* AN.m */ = {isa = PBXFileReference; lastKnownFileType = sourcecode.c.objc; path = AN.m; sourceTree = "<group>"; };
		D75ADC002850425E00258F8C /* Blur.h */ = {isa = PBXFileReference; lastKnownFileType = sourcecode.c.h; path = Blur.h; sourceTree = "<group>"; };
		D75ADC012850425E00258F8C /* Blur.m */ = {isa = PBXFileReference; lastKnownFileType = sourcecode.c.objc; path = Blur.m; sourceTree = "<group>"; };
		D75ADC062850438800258F8C /* GPUImageFilterExtra.h */ = {isa = PBXFileReference; lastKnownFileType = sourcecode.c.h; path = GPUImageFilterExtra.h; sourceTree = "<group>"; };
		D75ADC072850438800258F8C /* GPUImageFilterExtra.m */ = {isa = PBXFileReference; lastKnownFileType = sourcecode.c.objc; path = GPUImageFilterExtra.m; sourceTree = "<group>"; };
		D75ADC09285043FE00258F8C /* AdjFilters.h */ = {isa = PBXFileReference; lastKnownFileType = sourcecode.c.h; path = AdjFilters.h; sourceTree = "<group>"; };
		D75ADC0A285043FE00258F8C /* AdjFilters.m */ = {isa = PBXFileReference; lastKnownFileType = sourcecode.c.objc; path = AdjFilters.m; sourceTree = "<group>"; };
		D75ADC0C285044AA00258F8C /* LFilter1.h */ = {isa = PBXFileReference; lastKnownFileType = sourcecode.c.h; path = LFilter1.h; sourceTree = "<group>"; };
		D75ADC0D285044AA00258F8C /* LFilter1.m */ = {isa = PBXFileReference; lastKnownFileType = sourcecode.c.objc; path = LFilter1.m; sourceTree = "<group>"; };
		D75ADC0F2850458E00258F8C /* GPUImageTwoInputFilterExtra.h */ = {isa = PBXFileReference; lastKnownFileType = sourcecode.c.h; path = GPUImageTwoInputFilterExtra.h; sourceTree = "<group>"; };
		D75ADC102850458E00258F8C /* GPUImageTwoInputFilterExtra.m */ = {isa = PBXFileReference; lastKnownFileType = sourcecode.c.objc; path = GPUImageTwoInputFilterExtra.m; sourceTree = "<group>"; };
		D75ADC12285045AD00258F8C /* GBlend.h */ = {isa = PBXFileReference; lastKnownFileType = sourcecode.c.h; path = GBlend.h; sourceTree = "<group>"; };
		D75ADC13285045AD00258F8C /* GBlend.m */ = {isa = PBXFileReference; lastKnownFileType = sourcecode.c.objc; path = GBlend.m; sourceTree = "<group>"; };
		D75ADC1528504B3300258F8C /* CS1.h */ = {isa = PBXFileReference; lastKnownFileType = sourcecode.c.h; path = CS1.h; sourceTree = "<group>"; };
		D75ADC1628504B3300258F8C /* CS1.m */ = {isa = PBXFileReference; lastKnownFileType = sourcecode.c.objc; path = CS1.m; sourceTree = "<group>"; };
		D75ADC1828504B8B00258F8C /* G1.h */ = {isa = PBXFileReference; lastKnownFileType = sourcecode.c.h; path = G1.h; sourceTree = "<group>"; };
		D75ADC1928504B8B00258F8C /* G1.m */ = {isa = PBXFileReference; lastKnownFileType = sourcecode.c.objc; path = G1.m; sourceTree = "<group>"; };
		D75ADC1B28504D6200258F8C /* DT1.h */ = {isa = PBXFileReference; lastKnownFileType = sourcecode.c.h; path = DT1.h; sourceTree = "<group>"; };
		D75ADC1C28504D6200258F8C /* DT1.m */ = {isa = PBXFileReference; lastKnownFileType = sourcecode.c.objc; path = DT1.m; sourceTree = "<group>"; };
		D75ADC1E28504D8300258F8C /* SCL1.h */ = {isa = PBXFileReference; lastKnownFileType = sourcecode.c.h; path = SCL1.h; sourceTree = "<group>"; };
		D75ADC1F28504D8300258F8C /* SCL1.m */ = {isa = PBXFileReference; lastKnownFileType = sourcecode.c.objc; path = SCL1.m; sourceTree = "<group>"; };
		D75ADC2128504F1100258F8C /* CR1.h */ = {isa = PBXFileReference; lastKnownFileType = sourcecode.c.h; path = CR1.h; sourceTree = "<group>"; };
		D75ADC2228504F1100258F8C /* CR1.m */ = {isa = PBXFileReference; lastKnownFileType = sourcecode.c.objc; path = CR1.m; sourceTree = "<group>"; };
		D75ADC2428504FAF00258F8C /* DN.h */ = {isa = PBXFileReference; lastKnownFileType = sourcecode.c.h; path = DN.h; sourceTree = "<group>"; };
		D75ADC2528504FAF00258F8C /* DN.m */ = {isa = PBXFileReference; lastKnownFileType = sourcecode.c.objc; path = DN.m; sourceTree = "<group>"; };
		D75ADC272850625D00258F8C /* Sharpen.h */ = {isa = PBXFileReference; lastKnownFileType = sourcecode.c.h; path = Sharpen.h; sourceTree = "<group>"; };
		D75ADC282850625D00258F8C /* Sharpen.m */ = {isa = PBXFileReference; lastKnownFileType = sourcecode.c.objc; path = Sharpen.m; sourceTree = "<group>"; };
		D75ADC2A2850661D00258F8C /* DemoViewController.h */ = {isa = PBXFileReference; lastKnownFileType = sourcecode.c.h; path = DemoViewController.h; sourceTree = "<group>"; };
		D75ADC2B2850661D00258F8C /* DemoViewController.m */ = {isa = PBXFileReference; lastKnownFileType = sourcecode.c.objc; path = DemoViewController.m; sourceTree = "<group>"; };
		D75ADC2D28506CC000258F8C /* ebg.mov */ = {isa = PBXFileReference; lastKnownFileType = video.quicktime; path = ebg.mov; sourceTree = "<group>"; };
		FCB4210E67F695F228D273EE /* libPods-GPUImageDemo.a */ = {isa = PBXFileReference; explicitFileType = archive.ar; includeInIndex = 0; path = "libPods-GPUImageDemo.a"; sourceTree = BUILT_PRODUCTS_DIR; };
/* End PBXFileReference section */

/* Begin PBXFrameworksBuildPhase section */
		031346492150CBE70054F1D4 /* Frameworks */ = {
			isa = PBXFrameworksBuildPhase;
			buildActionMask = 2147483647;
			files = (
				469528EF57898AE1A1531E63 /* libPods-GPUImageDemo.a in Frameworks */,
			);
			runOnlyForDeploymentPostprocessing = 0;
		};
		031346612150CBE90054F1D4 /* Frameworks */ = {
			isa = PBXFrameworksBuildPhase;
			buildActionMask = 2147483647;
			files = (
			);
			runOnlyForDeploymentPostprocessing = 0;
		};
		0313466C2150CBE90054F1D4 /* Frameworks */ = {
			isa = PBXFrameworksBuildPhase;
			buildActionMask = 2147483647;
			files = (
			);
			runOnlyForDeploymentPostprocessing = 0;
		};
/* End PBXFrameworksBuildPhase section */

/* Begin PBXGroup section */
		031346432150CBE70054F1D4 = {
			isa = PBXGroup;
			children = (
				0313464E2150CBE70054F1D4 /* GPUImageDemo */,
				031346672150CBE90054F1D4 /* GPUImageDemoTests */,
				031346722150CBE90054F1D4 /* GPUImageDemoUITests */,
				0313464D2150CBE70054F1D4 /* Products */,
				4760DC8F09F2D76C2CD578CB /* Pods */,
				5FB14B35FBA55EDF09A0D51B /* Frameworks */,
			);
			sourceTree = "<group>";
		};
		0313464D2150CBE70054F1D4 /* Products */ = {
			isa = PBXGroup;
			children = (
				0313464C2150CBE70054F1D4 /* GPUImageDemo.app */,
				031346642150CBE90054F1D4 /* GPUImageDemoTests.xctest */,
				0313466F2150CBE90054F1D4 /* GPUImageDemoUITests.xctest */,
			);
			name = Products;
			sourceTree = "<group>";
		};
		0313464E2150CBE70054F1D4 /* GPUImageDemo */ = {
			isa = PBXGroup;
			children = (
				D75ADC2D28506CC000258F8C /* ebg.mov */,
				D75ADBFC28503EC700258F8C /* Filters */,
				D75ADC2A2850661D00258F8C /* DemoViewController.h */,
				D75ADC2B2850661D00258F8C /* DemoViewController.m */,
				0313464F2150CBE70054F1D4 /* AppDelegate.h */,
				031346502150CBE80054F1D4 /* AppDelegate.m */,
				031346522150CBE80054F1D4 /* ViewController.h */,
				031346532150CBE80054F1D4 /* ViewController.m */,
				031346812150D29E0054F1D4 /* ShowViewController.h */,
				031346822150D29E0054F1D4 /* ShowViewController.m */,
				031346552150CBE80054F1D4 /* Main.storyboard */,
				031346582150CBE90054F1D4 /* Assets.xcassets */,
				0313465A2150CBE90054F1D4 /* LaunchScreen.storyboard */,
				0313465D2150CBE90054F1D4 /* Info.plist */,
				0313465E2150CBE90054F1D4 /* main.m */,
			);
			path = GPUImageDemo;
			sourceTree = "<group>";
		};
		031346672150CBE90054F1D4 /* GPUImageDemoTests */ = {
			isa = PBXGroup;
			children = (
				031346682150CBE90054F1D4 /* GPUImageDemoTests.m */,
				0313466A2150CBE90054F1D4 /* Info.plist */,
			);
			path = GPUImageDemoTests;
			sourceTree = "<group>";
		};
		031346722150CBE90054F1D4 /* GPUImageDemoUITests */ = {
			isa = PBXGroup;
			children = (
				031346732150CBE90054F1D4 /* GPUImageDemoUITests.m */,
				031346752150CBE90054F1D4 /* Info.plist */,
			);
			path = GPUImageDemoUITests;
			sourceTree = "<group>";
		};
		4760DC8F09F2D76C2CD578CB /* Pods */ = {
			isa = PBXGroup;
			children = (
				6C48BB6929CFCF11E4A7ACDC /* Pods-GPUImageDemo.debug.xcconfig */,
				BF2AF8E931C7E466681FC0F9 /* Pods-GPUImageDemo.release.xcconfig */,
			);
			name = Pods;
			sourceTree = "<group>";
		};
		5FB14B35FBA55EDF09A0D51B /* Frameworks */ = {
			isa = PBXGroup;
			children = (
				FCB4210E67F695F228D273EE /* libPods-GPUImageDemo.a */,
			);
			name = Frameworks;
			sourceTree = "<group>";
		};
		D75ADBFC28503EC700258F8C /* Filters */ = {
			isa = PBXGroup;
			children = (
				D75ADBFD285040C600258F8C /* AN.h */,
				D75ADBFE285040C600258F8C /* AN.m */,
				D75ADC002850425E00258F8C /* Blur.h */,
				D75ADC012850425E00258F8C /* Blur.m */,
				D75ADC272850625D00258F8C /* Sharpen.h */,
				D75ADC282850625D00258F8C /* Sharpen.m */,
				D75ADC062850438800258F8C /* GPUImageFilterExtra.h */,
				D75ADC072850438800258F8C /* GPUImageFilterExtra.m */,
				D75ADC09285043FE00258F8C /* AdjFilters.h */,
				D75ADC0A285043FE00258F8C /* AdjFilters.m */,
				D75ADC0C285044AA00258F8C /* LFilter1.h */,
				D75ADC0D285044AA00258F8C /* LFilter1.m */,
				D75ADC0F2850458E00258F8C /* GPUImageTwoInputFilterExtra.h */,
				D75ADC102850458E00258F8C /* GPUImageTwoInputFilterExtra.m */,
				D75ADC12285045AD00258F8C /* GBlend.h */,
				D75ADC13285045AD00258F8C /* GBlend.m */,
				D75ADC1528504B3300258F8C /* CS1.h */,
				D75ADC1628504B3300258F8C /* CS1.m */,
				D75ADC1828504B8B00258F8C /* G1.h */,
				D75ADC1928504B8B00258F8C /* G1.m */,
				D75ADC1B28504D6200258F8C /* DT1.h */,
				D75ADC1C28504D6200258F8C /* DT1.m */,
				D75ADC1E28504D8300258F8C /* SCL1.h */,
				D75ADC1F28504D8300258F8C /* SCL1.m */,
				D75ADC2128504F1100258F8C /* CR1.h */,
				D75ADC2228504F1100258F8C /* CR1.m */,
				D75ADC2428504FAF00258F8C /* DN.h */,
				D75ADC2528504FAF00258F8C /* DN.m */,
			);
			path = Filters;
			sourceTree = "<group>";
		};
/* End PBXGroup section */

/* Begin PBXNativeTarget section */
		0313464B2150CBE70054F1D4 /* GPUImageDemo */ = {
			isa = PBXNativeTarget;
			buildConfigurationList = 031346782150CBE90054F1D4 /* Build configuration list for PBXNativeTarget "GPUImageDemo" */;
			buildPhases = (
				65847D48CA1D8CFAAD0D7B5F /* [CP] Check Pods Manifest.lock */,
				031346482150CBE70054F1D4 /* Sources */,
				031346492150CBE70054F1D4 /* Frameworks */,
				0313464A2150CBE70054F1D4 /* Resources */,
				E875ECA8A5EACB3849471871 /* [CP] Copy Pods Resources */,
			);
			buildRules = (
			);
			dependencies = (
			);
			name = GPUImageDemo;
			productName = GPUImageDemo;
			productReference = 0313464C2150CBE70054F1D4 /* GPUImageDemo.app */;
			productType = "com.apple.product-type.application";
		};
		031346632150CBE90054F1D4 /* GPUImageDemoTests */ = {
			isa = PBXNativeTarget;
			buildConfigurationList = 0313467B2150CBE90054F1D4 /* Build configuration list for PBXNativeTarget "GPUImageDemoTests" */;
			buildPhases = (
				031346602150CBE90054F1D4 /* Sources */,
				031346612150CBE90054F1D4 /* Frameworks */,
				031346622150CBE90054F1D4 /* Resources */,
			);
			buildRules = (
			);
			dependencies = (
				031346662150CBE90054F1D4 /* PBXTargetDependency */,
			);
			name = GPUImageDemoTests;
			productName = GPUImageDemoTests;
			productReference = 031346642150CBE90054F1D4 /* GPUImageDemoTests.xctest */;
			productType = "com.apple.product-type.bundle.unit-test";
		};
		0313466E2150CBE90054F1D4 /* GPUImageDemoUITests */ = {
			isa = PBXNativeTarget;
			buildConfigurationList = 0313467E2150CBE90054F1D4 /* Build configuration list for PBXNativeTarget "GPUImageDemoUITests" */;
			buildPhases = (
				0313466B2150CBE90054F1D4 /* Sources */,
				0313466C2150CBE90054F1D4 /* Frameworks */,
				0313466D2150CBE90054F1D4 /* Resources */,
			);
			buildRules = (
			);
			dependencies = (
				031346712150CBE90054F1D4 /* PBXTargetDependency */,
			);
			name = GPUImageDemoUITests;
			productName = GPUImageDemoUITests;
			productReference = 0313466F2150CBE90054F1D4 /* GPUImageDemoUITests.xctest */;
			productType = "com.apple.product-type.bundle.ui-testing";
		};
/* End PBXNativeTarget section */

/* Begin PBXProject section */
		031346442150CBE70054F1D4 /* Project object */ = {
			isa = PBXProject;
			attributes = {
				LastUpgradeCheck = 1000;
				ORGANIZATIONNAME = JackerooChu;
				TargetAttributes = {
					0313464B2150CBE70054F1D4 = {
						CreatedOnToolsVersion = 10.0;
					};
					031346632150CBE90054F1D4 = {
						CreatedOnToolsVersion = 10.0;
						TestTargetID = 0313464B2150CBE70054F1D4;
					};
					0313466E2150CBE90054F1D4 = {
						CreatedOnToolsVersion = 10.0;
						TestTargetID = 0313464B2150CBE70054F1D4;
					};
				};
			};
			buildConfigurationList = 031346472150CBE70054F1D4 /* Build configuration list for PBXProject "GPUImageDemo" */;
			compatibilityVersion = "Xcode 9.3";
			developmentRegion = en;
			hasScannedForEncodings = 0;
			knownRegions = (
				en,
				Base,
			);
			mainGroup = 031346432150CBE70054F1D4;
			productRefGroup = 0313464D2150CBE70054F1D4 /* Products */;
			projectDirPath = "";
			projectRoot = "";
			targets = (
				0313464B2150CBE70054F1D4 /* GPUImageDemo */,
				031346632150CBE90054F1D4 /* GPUImageDemoTests */,
				0313466E2150CBE90054F1D4 /* GPUImageDemoUITests */,
			);
		};
/* End PBXProject section */

/* Begin PBXResourcesBuildPhase section */
		0313464A2150CBE70054F1D4 /* Resources */ = {
			isa = PBXResourcesBuildPhase;
			buildActionMask = 2147483647;
			files = (
				0313465C2150CBE90054F1D4 /* LaunchScreen.storyboard in Resources */,
				D75ADC2E28506CC000258F8C /* ebg.mov in Resources */,
				031346592150CBE90054F1D4 /* Assets.xcassets in Resources */,
				031346572150CBE80054F1D4 /* Main.storyboard in Resources */,
			);
			runOnlyForDeploymentPostprocessing = 0;
		};
		031346622150CBE90054F1D4 /* Resources */ = {
			isa = PBXResourcesBuildPhase;
			buildActionMask = 2147483647;
			files = (
			);
			runOnlyForDeploymentPostprocessing = 0;
		};
		0313466D2150CBE90054F1D4 /* Resources */ = {
			isa = PBXResourcesBuildPhase;
			buildActionMask = 2147483647;
			files = (
			);
			runOnlyForDeploymentPostprocessing = 0;
		};
/* End PBXResourcesBuildPhase section */

/* Begin PBXShellScriptBuildPhase section */
		65847D48CA1D8CFAAD0D7B5F /* [CP] Check Pods Manifest.lock */ = {
			isa = PBXShellScriptBuildPhase;
			buildActionMask = 2147483647;
			files = (
			);
			inputPaths = (
				"${PODS_PODFILE_DIR_PATH}/Podfile.lock",
				"${PODS_ROOT}/Manifest.lock",
			);
			name = "[CP] Check Pods Manifest.lock";
			outputPaths = (
				"$(DERIVED_FILE_DIR)/Pods-GPUImageDemo-checkManifestLockResult.txt",
			);
			runOnlyForDeploymentPostprocessing = 0;
			shellPath = /bin/sh;
			shellScript = "diff \"${PODS_PODFILE_DIR_PATH}/Podfile.lock\" \"${PODS_ROOT}/Manifest.lock\" > /dev/null\nif [ $? != 0 ] ; then\n    # print error to STDERR\n    echo \"error: The sandbox is not in sync with the Podfile.lock. Run 'pod install' or update your CocoaPods installation.\" >&2\n    exit 1\nfi\n# This output is used by Xcode 'outputs' to avoid re-running this script phase.\necho \"SUCCESS\" > \"${SCRIPT_OUTPUT_FILE_0}\"\n";
			showEnvVarsInLog = 0;
		};
		E875ECA8A5EACB3849471871 /* [CP] Copy Pods Resources */ = {
			isa = PBXShellScriptBuildPhase;
			buildActionMask = 2147483647;
			files = (
			);
			inputFileListPaths = (
				"${PODS_ROOT}/Target Support Files/Pods-GPUImageDemo/Pods-GPUImageDemo-resources-${CONFIGURATION}-input-files.xcfilelist",
			);
			name = "[CP] Copy Pods Resources";
			outputFileListPaths = (
				"${PODS_ROOT}/Target Support Files/Pods-GPUImageDemo/Pods-GPUImageDemo-resources-${CONFIGURATION}-output-files.xcfilelist",
			);
			runOnlyForDeploymentPostprocessing = 0;
			shellPath = /bin/sh;
			shellScript = "\"${PODS_ROOT}/Target Support Files/Pods-GPUImageDemo/Pods-GPUImageDemo-resources.sh\"\n";
			showEnvVarsInLog = 0;
		};
/* End PBXShellScriptBuildPhase section */

/* Begin PBXSourcesBuildPhase section */
		031346482150CBE70054F1D4 /* Sources */ = {
			isa = PBXSourcesBuildPhase;
			buildActionMask = 2147483647;
			files = (
				D75ADC0B285043FE00258F8C /* AdjFilters.m in Sources */,
				D75ADC022850425E00258F8C /* Blur.m in Sources */,
				D75ADC0E285044AA00258F8C /* LFilter1.m in Sources */,
				D75ADC2328504F1100258F8C /* CR1.m in Sources */,
				D75ADC1A28504B8B00258F8C /* G1.m in Sources */,
				D75ADC2028504D8300258F8C /* SCL1.m in Sources */,
				D75ADC14285045AD00258F8C /* GBlend.m in Sources */,
				D75ADC082850438800258F8C /* GPUImageFilterExtra.m in Sources */,
				D75ADC1D28504D6200258F8C /* DT1.m in Sources */,
				031346542150CBE80054F1D4 /* ViewController.m in Sources */,
				D75ADBFF285040C600258F8C /* AN.m in Sources */,
				D75ADC2628504FAF00258F8C /* DN.m in Sources */,
				0313465F2150CBE90054F1D4 /* main.m in Sources */,
				D75ADC112850458E00258F8C /* GPUImageTwoInputFilterExtra.m in Sources */,
				031346512150CBE80054F1D4 /* AppDelegate.m in Sources */,
				D75ADC1728504B3300258F8C /* CS1.m in Sources */,
				031346832150D29E0054F1D4 /* ShowViewController.m in Sources */,
				D75ADC2C2850661D00258F8C /* DemoViewController.m in Sources */,
				D75ADC292850625D00258F8C /* Sharpen.m in Sources */,
			);
			runOnlyForDeploymentPostprocessing = 0;
		};
		031346602150CBE90054F1D4 /* Sources */ = {
			isa = PBXSourcesBuildPhase;
			buildActionMask = 2147483647;
			files = (
				031346692150CBE90054F1D4 /* GPUImageDemoTests.m in Sources */,
			);
			runOnlyForDeploymentPostprocessing = 0;
		};
		0313466B2150CBE90054F1D4 /* Sources */ = {
			isa = PBXSourcesBuildPhase;
			buildActionMask = 2147483647;
			files = (
				031346742150CBE90054F1D4 /* GPUImageDemoUITests.m in Sources */,
			);
			runOnlyForDeploymentPostprocessing = 0;
		};
/* End PBXSourcesBuildPhase section */

/* Begin PBXTargetDependency section */
		031346662150CBE90054F1D4 /* PBXTargetDependency */ = {
			isa = PBXTargetDependency;
			target = 0313464B2150CBE70054F1D4 /* GPUImageDemo */;
			targetProxy = 031346652150CBE90054F1D4 /* PBXContainerItemProxy */;
		};
		031346712150CBE90054F1D4 /* PBXTargetDependency */ = {
			isa = PBXTargetDependency;
			target = 0313464B2150CBE70054F1D4 /* GPUImageDemo */;
			targetProxy = 031346702150CBE90054F1D4 /* PBXContainerItemProxy */;
		};
/* End PBXTargetDependency section */

/* Begin PBXVariantGroup section */
		031346552150CBE80054F1D4 /* Main.storyboard */ = {
			isa = PBXVariantGroup;
			children = (
				031346562150CBE80054F1D4 /* Base */,
			);
			name = Main.storyboard;
			sourceTree = "<group>";
		};
		0313465A2150CBE90054F1D4 /* LaunchScreen.storyboard */ = {
			isa = PBXVariantGroup;
			children = (
				0313465B2150CBE90054F1D4 /* Base */,
			);
			name = LaunchScreen.storyboard;
			sourceTree = "<group>";
		};
/* End PBXVariantGroup section */

/* Begin XCBuildConfiguration section */
		031346762150CBE90054F1D4 /* Debug */ = {
			isa = XCBuildConfiguration;
			buildSettings = {
				ALWAYS_SEARCH_USER_PATHS = NO;
				CLANG_ANALYZER_NONNULL = YES;
				CLANG_ANALYZER_NUMBER_OBJECT_CONVERSION = YES_AGGRESSIVE;
				CLANG_CXX_LANGUAGE_STANDARD = "gnu++14";
				CLANG_CXX_LIBRARY = "libc++";
				CLANG_ENABLE_MODULES = YES;
				CLANG_ENABLE_OBJC_ARC = YES;
				CLANG_ENABLE_OBJC_WEAK = YES;
				CLANG_WARN_BLOCK_CAPTURE_AUTORELEASING = YES;
				CLANG_WARN_BOOL_CONVERSION = YES;
				CLANG_WARN_COMMA = YES;
				CLANG_WARN_CONSTANT_CONVERSION = YES;
				CLANG_WARN_DEPRECATED_OBJC_IMPLEMENTATIONS = YES;
				CLANG_WARN_DIRECT_OBJC_ISA_USAGE = YES_ERROR;
				CLANG_WARN_DOCUMENTATION_COMMENTS = YES;
				CLANG_WARN_EMPTY_BODY = YES;
				CLANG_WARN_ENUM_CONVERSION = YES;
				CLANG_WARN_INFINITE_RECURSION = YES;
				CLANG_WARN_INT_CONVERSION = YES;
				CLANG_WARN_NON_LITERAL_NULL_CONVERSION = YES;
				CLANG_WARN_OBJC_IMPLICIT_RETAIN_SELF = YES;
				CLANG_WARN_OBJC_LITERAL_CONVERSION = YES;
				CLANG_WARN_OBJC_ROOT_CLASS = YES_ERROR;
				CLANG_WARN_RANGE_LOOP_ANALYSIS = YES;
				CLANG_WARN_STRICT_PROTOTYPES = YES;
				CLANG_WARN_SUSPICIOUS_MOVE = YES;
				CLANG_WARN_UNGUARDED_AVAILABILITY = YES_AGGRESSIVE;
				CLANG_WARN_UNREACHABLE_CODE = YES;
				CLANG_WARN__DUPLICATE_METHOD_MATCH = YES;
				CODE_SIGN_IDENTITY = "iPhone Developer";
				COPY_PHASE_STRIP = NO;
				DEBUG_INFORMATION_FORMAT = dwarf;
				ENABLE_STRICT_OBJC_MSGSEND = YES;
				ENABLE_TESTABILITY = YES;
				GCC_C_LANGUAGE_STANDARD = gnu11;
				GCC_DYNAMIC_NO_PIC = NO;
				GCC_NO_COMMON_BLOCKS = YES;
				GCC_OPTIMIZATION_LEVEL = 0;
				GCC_PREPROCESSOR_DEFINITIONS = (
					"DEBUG=1",
					"$(inherited)",
				);
				GCC_WARN_64_TO_32_BIT_CONVERSION = YES;
				GCC_WARN_ABOUT_RETURN_TYPE = YES_ERROR;
				GCC_WARN_UNDECLARED_SELECTOR = YES;
				GCC_WARN_UNINITIALIZED_AUTOS = YES_AGGRESSIVE;
				GCC_WARN_UNUSED_FUNCTION = YES;
				GCC_WARN_UNUSED_VARIABLE = YES;
				IPHONEOS_DEPLOYMENT_TARGET = 12.0;
				MTL_ENABLE_DEBUG_INFO = INCLUDE_SOURCE;
				MTL_FAST_MATH = YES;
				ONLY_ACTIVE_ARCH = YES;
				SDKROOT = iphoneos;
			};
			name = Debug;
		};
		031346772150CBE90054F1D4 /* Release */ = {
			isa = XCBuildConfiguration;
			buildSettings = {
				ALWAYS_SEARCH_USER_PATHS = NO;
				CLANG_ANALYZER_NONNULL = YES;
				CLANG_ANALYZER_NUMBER_OBJECT_CONVERSION = YES_AGGRESSIVE;
				CLANG_CXX_LANGUAGE_STANDARD = "gnu++14";
				CLANG_CXX_LIBRARY = "libc++";
				CLANG_ENABLE_MODULES = YES;
				CLANG_ENABLE_OBJC_ARC = YES;
				CLANG_ENABLE_OBJC_WEAK = YES;
				CLANG_WARN_BLOCK_CAPTURE_AUTORELEASING = YES;
				CLANG_WARN_BOOL_CONVERSION = YES;
				CLANG_WARN_COMMA = YES;
				CLANG_WARN_CONSTANT_CONVERSION = YES;
				CLANG_WARN_DEPRECATED_OBJC_IMPLEMENTATIONS = YES;
				CLANG_WARN_DIRECT_OBJC_ISA_USAGE = YES_ERROR;
				CLANG_WARN_DOCUMENTATION_COMMENTS = YES;
				CLANG_WARN_EMPTY_BODY = YES;
				CLANG_WARN_ENUM_CONVERSION = YES;
				CLANG_WARN_INFINITE_RECURSION = YES;
				CLANG_WARN_INT_CONVERSION = YES;
				CLANG_WARN_NON_LITERAL_NULL_CONVERSION = YES;
				CLANG_WARN_OBJC_IMPLICIT_RETAIN_SELF = YES;
				CLANG_WARN_OBJC_LITERAL_CONVERSION = YES;
				CLANG_WARN_OBJC_ROOT_CLASS = YES_ERROR;
				CLANG_WARN_RANGE_LOOP_ANALYSIS = YES;
				CLANG_WARN_STRICT_PROTOTYPES = YES;
				CLANG_WARN_SUSPICIOUS_MOVE = YES;
				CLANG_WARN_UNGUARDED_AVAILABILITY = YES_AGGRESSIVE;
				CLANG_WARN_UNREACHABLE_CODE = YES;
				CLANG_WARN__DUPLICATE_METHOD_MATCH = YES;
				CODE_SIGN_IDENTITY = "iPhone Developer";
				COPY_PHASE_STRIP = NO;
				DEBUG_INFORMATION_FORMAT = "dwarf-with-dsym";
				ENABLE_NS_ASSERTIONS = NO;
				ENABLE_STRICT_OBJC_MSGSEND = YES;
				GCC_C_LANGUAGE_STANDARD = gnu11;
				GCC_NO_COMMON_BLOCKS = YES;
				GCC_WARN_64_TO_32_BIT_CONVERSION = YES;
				GCC_WARN_ABOUT_RETURN_TYPE = YES_ERROR;
				GCC_WARN_UNDECLARED_SELECTOR = YES;
				GCC_WARN_UNINITIALIZED_AUTOS = YES_AGGRESSIVE;
				GCC_WARN_UNUSED_FUNCTION = YES;
				GCC_WARN_UNUSED_VARIABLE = YES;
				IPHONEOS_DEPLOYMENT_TARGET = 12.0;
				MTL_ENABLE_DEBUG_INFO = NO;
				MTL_FAST_MATH = YES;
				SDKROOT = iphoneos;
				VALIDATE_PRODUCT = YES;
			};
			name = Release;
		};
		031346792150CBE90054F1D4 /* Debug */ = {
			isa = XCBuildConfiguration;
			baseConfigurationReference = 6C48BB6929CFCF11E4A7ACDC /* Pods-GPUImageDemo.debug.xcconfig */;
			buildSettings = {
				ASSETCATALOG_COMPILER_APPICON_NAME = AppIcon;
				CODE_SIGN_STYLE = Automatic;
				DEVELOPMENT_TEAM = 8YMTF95Y54;
				INFOPLIST_FILE = GPUImageDemo/Info.plist;
				IPHONEOS_DEPLOYMENT_TARGET = 9.0;
				LD_RUNPATH_SEARCH_PATHS = (
					"$(inherited)",
					"@executable_path/Frameworks",
				);
				PRODUCT_BUNDLE_IDENTIFIER = com.ake.GPUImageDemo;
				PRODUCT_NAME = "$(TARGET_NAME)";
				TARGETED_DEVICE_FAMILY = "1,2";
			};
			name = Debug;
		};
		0313467A2150CBE90054F1D4 /* Release */ = {
			isa = XCBuildConfiguration;
			baseConfigurationReference = BF2AF8E931C7E466681FC0F9 /* Pods-GPUImageDemo.release.xcconfig */;
			buildSettings = {
				ASSETCATALOG_COMPILER_APPICON_NAME = AppIcon;
				CODE_SIGN_STYLE = Automatic;
				DEVELOPMENT_TEAM = 8YMTF95Y54;
				INFOPLIST_FILE = GPUImageDemo/Info.plist;
				IPHONEOS_DEPLOYMENT_TARGET = 9.0;
				LD_RUNPATH_SEARCH_PATHS = (
					"$(inherited)",
					"@executable_path/Frameworks",
				);
				PRODUCT_BUNDLE_IDENTIFIER = com.ake.GPUImageDemo;
				PRODUCT_NAME = "$(TARGET_NAME)";
				TARGETED_DEVICE_FAMILY = "1,2";
			};
			name = Release;
		};
		0313467C2150CBE90054F1D4 /* Debug */ = {
			isa = XCBuildConfiguration;
			buildSettings = {
				BUNDLE_LOADER = "$(TEST_HOST)";
				CODE_SIGN_STYLE = Automatic;
				INFOPLIST_FILE = GPUImageDemoTests/Info.plist;
				LD_RUNPATH_SEARCH_PATHS = (
					"$(inherited)",
					"@executable_path/Frameworks",
					"@loader_path/Frameworks",
				);
				PRODUCT_BUNDLE_IDENTIFIER = com.JackerooChu.www.GPUImageDemoTests;
				PRODUCT_NAME = "$(TARGET_NAME)";
				TARGETED_DEVICE_FAMILY = "1,2";
				TEST_HOST = "$(BUILT_PRODUCTS_DIR)/GPUImageDemo.app/GPUImageDemo";
			};
			name = Debug;
		};
		0313467D2150CBE90054F1D4 /* Release */ = {
			isa = XCBuildConfiguration;
			buildSettings = {
				BUNDLE_LOADER = "$(TEST_HOST)";
				CODE_SIGN_STYLE = Automatic;
				INFOPLIST_FILE = GPUImageDemoTests/Info.plist;
				LD_RUNPATH_SEARCH_PATHS = (
					"$(inherited)",
					"@executable_path/Frameworks",
					"@loader_path/Frameworks",
				);
				PRODUCT_BUNDLE_IDENTIFIER = com.JackerooChu.www.GPUImageDemoTests;
				PRODUCT_NAME = "$(TARGET_NAME)";
				TARGETED_DEVICE_FAMILY = "1,2";
				TEST_HOST = "$(BUILT_PRODUCTS_DIR)/GPUImageDemo.app/GPUImageDemo";
			};
			name = Release;
		};
		0313467F2150CBE90054F1D4 /* Debug */ = {
			isa = XCBuildConfiguration;
			buildSettings = {
				CODE_SIGN_STYLE = Automatic;
				INFOPLIST_FILE = GPUImageDemoUITests/Info.plist;
				LD_RUNPATH_SEARCH_PATHS = (
					"$(inherited)",
					"@executable_path/Frameworks",
					"@loader_path/Frameworks",
				);
				PRODUCT_BUNDLE_IDENTIFIER = com.JackerooChu.www.GPUImageDemoUITests;
				PRODUCT_NAME = "$(TARGET_NAME)";
				TARGETED_DEVICE_FAMILY = "1,2";
				TEST_TARGET_NAME = GPUImageDemo;
			};
			name = Debug;
		};
		031346802150CBE90054F1D4 /* Release */ = {
			isa = XCBuildConfiguration;
			buildSettings = {
				CODE_SIGN_STYLE = Automatic;
				INFOPLIST_FILE = GPUImageDemoUITests/Info.plist;
				LD_RUNPATH_SEARCH_PATHS = (
					"$(inherited)",
					"@executable_path/Frameworks",
					"@loader_path/Frameworks",
				);
				PRODUCT_BUNDLE_IDENTIFIER = com.JackerooChu.www.GPUImageDemoUITests;
				PRODUCT_NAME = "$(TARGET_NAME)";
				TARGETED_DEVICE_FAMILY = "1,2";
				TEST_TARGET_NAME = GPUImageDemo;
			};
			name = Release;
		};
/* End XCBuildConfiguration section */

/* Begin XCConfigurationList section */
		031346472150CBE70054F1D4 /* Build configuration list for PBXProject "GPUImageDemo" */ = {
			isa = XCConfigurationList;
			buildConfigurations = (
				031346762150CBE90054F1D4 /* Debug */,
				031346772150CBE90054F1D4 /* Release */,
			);
			defaultConfigurationIsVisible = 0;
			defaultConfigurationName = Release;
		};
		031346782150CBE90054F1D4 /* Build configuration list for PBXNativeTarget "GPUImageDemo" */ = {
			isa = XCConfigurationList;
			buildConfigurations = (
				031346792150CBE90054F1D4 /* Debug */,
				0313467A2150CBE90054F1D4 /* Release */,
			);
			defaultConfigurationIsVisible = 0;
			defaultConfigurationName = Release;
		};
		0313467B2150CBE90054F1D4 /* Build configuration list for PBXNativeTarget "GPUImageDemoTests" */ = {
			isa = XCConfigurationList;
			buildConfigurations = (
				0313467C2150CBE90054F1D4 /* Debug */,
				0313467D2150CBE90054F1D4 /* Release */,
			);
			defaultConfigurationIsVisible = 0;
			defaultConfigurationName = Release;
		};
		0313467E2150CBE90054F1D4 /* Build configuration list for PBXNativeTarget "GPUImageDemoUITests" */ = {
			isa = XCConfigurationList;
			buildConfigurations = (
				0313467F2150CBE90054F1D4 /* Debug */,
				031346802150CBE90054F1D4 /* Release */,
			);
			defaultConfigurationIsVisible = 0;
			defaultConfigurationName = Release;
		};
/* End XCConfigurationList section */
	};
	rootObject = 031346442150CBE70054F1D4 /* Project object */;
}
